<Solution>
  <Project Path="ParentalControl.Core/ParentalControl.Core.csproj" />
  <Project Path="ParentalControl.Service/ParentalControl.Service.csproj" />
  <Project Path="ParentalControl.UI/ParentalControl.UI.csproj" />
  <Project Path="ParentalControl.Watchdog/ParentalControl.Watchdog.csproj" />
  <Project Path="ParentalControl.NativeHost/ParentalControl.NativeHost.csproj" />
  <Project Path="ParentalControl.ChildVault/ParentalControl.ChildVault.csproj" />
</Solution>
